{
  "name": "my-blog2",
  "version": "1.0.0",
  "lockfileVersion": 2,
  "requires": true,
  "packages": {
    "": {
      "name": "my-blog2",
      "version": "1.0.0",
      "license": "ISC",
      "dependencies": {
        "react-script": "^2.0.5"
      }
    },
    "node_modules/react-script": {
      "version": "2.0.5",
      "resolved": "https://registry.npmjs.org/react-script/-/react-script-2.0.5.tgz",
      "integrity": "sha1-nawg+Xz/H7QPW0CE4/RLguMAFXI="
    }
  },
  "dependencies": {
    "react-script": {
      "version": "2.0.5",
      "resolved": "https://registry.npmjs.org/react-script/-/react-script-2.0.5.tgz",
      "integrity": "sha1-nawg+Xz/H7QPW0CE4/RLguMAFXI="
    }
  }
}
